
Microsoft Visual Studio Solution File, Format Version 12.00
# Visual Studio 15
VisualStudioVersion = 15.0.28307.136
MinimumVisualStudioVersion = 10.0.40219.1
Project("{9A19103F-16F7-4668-BE54-9A1E7A4F7556}") = "FeedbackAnalysis", "FeedbackAnalysis\FeedbackAnalysis.csproj", "{70309AA1-DE49-46B7-A303-EAEE85D00402}"
EndProject
Project("{9A19103F-16F7-4668-BE54-9A1E7A4F7556}") = "FBA.BuisinessAL", "..\FBAMaster\FBA.BuisinessAL\FBA.BuisinessAL.csproj", "{70FB6909-FB76-45ED-A086-73114AFDE7D8}"
EndProject
Project("{9A19103F-16F7-4668-BE54-9A1E7A4F7556}") = "FBA.DataAL", "..\FBAMaster\FBA.DataAL\FBA.DataAL.csproj", "{717B5FF5-CDAE-46BA-987E-881760D0A5EB}"
EndProject
Global
	GlobalSection(SolutionConfigurationPlatforms) = preSolution
		Debug|Any CPU = Debug|Any CPU
		Release|Any CPU = Release|Any CPU
	EndGlobalSection
	GlobalSection(ProjectConfigurationPlatforms) = postSolution
		{70309AA1-DE49-46B7-A303-EAEE85D00402}.Debug|Any CPU.ActiveCfg = Debug|Any CPU
		{70309AA1-DE49-46B7-A303-EAEE85D00402}.Debug|Any CPU.Build.0 = Debug|Any CPU
		{70309AA1-DE49-46B7-A303-EAEE85D00402}.Release|Any CPU.ActiveCfg = Release|Any CPU
		{70309AA1-DE49-46B7-A303-EAEE85D00402}.Release|Any CPU.Build.0 = Release|Any CPU
		{70FB6909-FB76-45ED-A086-73114AFDE7D8}.Debug|Any CPU.ActiveCfg = Debug|Any CPU
		{70FB6909-FB76-45ED-A086-73114AFDE7D8}.Debug|Any CPU.Build.0 = Debug|Any CPU
		{70FB6909-FB76-45ED-A086-73114AFDE7D8}.Release|Any CPU.ActiveCfg = Release|Any CPU
		{70FB6909-FB76-45ED-A086-73114AFDE7D8}.Release|Any CPU.Build.0 = Release|Any CPU
		{717B5FF5-CDAE-46BA-987E-881760D0A5EB}.Debug|Any CPU.ActiveCfg = Debug|Any CPU
		{717B5FF5-CDAE-46BA-987E-881760D0A5EB}.Debug|Any CPU.Build.0 = Debug|Any CPU
		{717B5FF5-CDAE-46BA-987E-881760D0A5EB}.Release|Any CPU.ActiveCfg = Release|Any CPU
		{717B5FF5-CDAE-46BA-987E-881760D0A5EB}.Release|Any CPU.Build.0 = Release|Any CPU
	EndGlobalSection
	GlobalSection(SolutionProperties) = preSolution
		HideSolutionNode = FALSE
	EndGlobalSection
	GlobalSection(ExtensibilityGlobals) = postSolution
		SolutionGuid = {4BA5A94F-1B9F-4F1C-8469-E04AFA5A2F2D}
	EndGlobalSection
EndGlobal
