
Microsoft Visual Studio Solution File, Format Version 12.00
# Visual Studio 15
VisualStudioVersion = 15.0.28307.136
MinimumVisualStudioVersion = 10.0.40219.1
Project("{9A19103F-16F7-4668-BE54-9A1E7A4F7556}") = "FeedbackAnalysis.API", "FeedbackAnalysis.API\FeedbackAnalysis.API.csproj", "{482CAEF8-0AAB-4884-A9D1-06DF964D8EF4}"
EndProject
Project("{9A19103F-16F7-4668-BE54-9A1E7A4F7556}") = "FBA.BuisinessAL", "FBA.BuisinessAL\FBA.BuisinessAL.csproj", "{AA9DE29B-5F6E-4944-A5AF-8AFC8DA50DD9}"
EndProject
Project("{9A19103F-16F7-4668-BE54-9A1E7A4F7556}") = "FBA.DataAL", "FBA.DataAL\FBA.DataAL.csproj", "{086E6396-9842-4B73-9FA4-B4D035C357C9}"
EndProject
Project("{00D1A9C2-B5F0-4AF3-8072-F6C62B433612}") = "FeedbackAnalysisDB", "FeedbackAnalysisDB\FeedbackAnalysisDB.sqlproj", "{541E4172-A55F-4BC5-B79D-912A124C9BA9}"
EndProject
Global
	GlobalSection(SolutionConfigurationPlatforms) = preSolution
		Debug|Any CPU = Debug|Any CPU
		Release|Any CPU = Release|Any CPU
	EndGlobalSection
	GlobalSection(ProjectConfigurationPlatforms) = postSolution
		{482CAEF8-0AAB-4884-A9D1-06DF964D8EF4}.Debug|Any CPU.ActiveCfg = Debug|Any CPU
		{482CAEF8-0AAB-4884-A9D1-06DF964D8EF4}.Debug|Any CPU.Build.0 = Debug|Any CPU
		{482CAEF8-0AAB-4884-A9D1-06DF964D8EF4}.Release|Any CPU.ActiveCfg = Release|Any CPU
		{482CAEF8-0AAB-4884-A9D1-06DF964D8EF4}.Release|Any CPU.Build.0 = Release|Any CPU
		{AA9DE29B-5F6E-4944-A5AF-8AFC8DA50DD9}.Debug|Any CPU.ActiveCfg = Debug|Any CPU
		{AA9DE29B-5F6E-4944-A5AF-8AFC8DA50DD9}.Debug|Any CPU.Build.0 = Debug|Any CPU
		{AA9DE29B-5F6E-4944-A5AF-8AFC8DA50DD9}.Release|Any CPU.ActiveCfg = Release|Any CPU
		{AA9DE29B-5F6E-4944-A5AF-8AFC8DA50DD9}.Release|Any CPU.Build.0 = Release|Any CPU
		{086E6396-9842-4B73-9FA4-B4D035C357C9}.Debug|Any CPU.ActiveCfg = Debug|Any CPU
		{086E6396-9842-4B73-9FA4-B4D035C357C9}.Debug|Any CPU.Build.0 = Debug|Any CPU
		{086E6396-9842-4B73-9FA4-B4D035C357C9}.Release|Any CPU.ActiveCfg = Release|Any CPU
		{086E6396-9842-4B73-9FA4-B4D035C357C9}.Release|Any CPU.Build.0 = Release|Any CPU
		{541E4172-A55F-4BC5-B79D-912A124C9BA9}.Debug|Any CPU.ActiveCfg = Debug|Any CPU
		{541E4172-A55F-4BC5-B79D-912A124C9BA9}.Debug|Any CPU.Build.0 = Debug|Any CPU
		{541E4172-A55F-4BC5-B79D-912A124C9BA9}.Debug|Any CPU.Deploy.0 = Debug|Any CPU
		{541E4172-A55F-4BC5-B79D-912A124C9BA9}.Release|Any CPU.ActiveCfg = Release|Any CPU
		{541E4172-A55F-4BC5-B79D-912A124C9BA9}.Release|Any CPU.Build.0 = Release|Any CPU
		{541E4172-A55F-4BC5-B79D-912A124C9BA9}.Release|Any CPU.Deploy.0 = Release|Any CPU
	EndGlobalSection
	GlobalSection(SolutionProperties) = preSolution
		HideSolutionNode = FALSE
	EndGlobalSection
	GlobalSection(ExtensibilityGlobals) = postSolution
		SolutionGuid = {BEFA7289-5789-4BA2-A1E8-42D2B409E5DE}
	EndGlobalSection
EndGlobal
